
Microsoft Visual Studio Solution File, Format Version 12.00
# Visual Studio Version 17
VisualStudioVersion = 17.5.33530.505
MinimumVisualStudioVersion = 10.0.40219.1
Project("{9A19103F-16F7-4668-BE54-9A1E7A4F7556}") = "CleanCQRS", "CleanCQRS\CleanCQRS.csproj", "{653824DF-D08B-442D-8432-49086D568FE4}"
EndProject
Project("{2150E333-8FDC-42A3-9474-1A3956D46DE8}") = "examples", "examples", "{16FE32D1-19AF-4B7E-B9C1-9B7A56ADEC55}"
EndProject
Project("{2150E333-8FDC-42A3-9474-1A3956D46DE8}") = "minimal", "minimal", "{010B1447-D614-41C6-A3C5-228FD00527D8}"
EndProject
Project("{9A19103F-16F7-4668-BE54-9A1E7A4F7556}") = "MinimalSetup", "Examples\MinimalSetup\MinimalSetup\MinimalSetup.csproj", "{7E257726-BD58-4696-B5C4-86B07F38B464}"
EndProject
Project("{9A19103F-16F7-4668-BE54-9A1E7A4F7556}") = "MinimalSetupTests", "Examples\MinimalSetup\MinimalSetupTests\MinimalSetupTests.csproj", "{B73AF989-9993-435B-BCF7-C7B3766DFAA6}"
EndProject
Project("{2150E333-8FDC-42A3-9474-1A3956D46DE8}") = "simple", "simple", "{70BD0145-30EC-4F3C-912D-1D902228A60D}"
EndProject
Project("{9A19103F-16F7-4668-BE54-9A1E7A4F7556}") = "SimpleSetup.Core", "Examples\SimpleSetup\SimpleSetup.Core\SimpleSetup.Core.csproj", "{7A336981-654F-4C61-9EDE-17F4C4B12A3A}"
EndProject
Project("{9A19103F-16F7-4668-BE54-9A1E7A4F7556}") = "SimpleSetup.CoreUnitTests", "Examples\SimpleSetup\SimpleSetup.CoreUnitTests\SimpleSetup.CoreUnitTests.csproj", "{762D5BA6-9EA4-48FF-AEA1-6C9F264D3DB3}"
EndProject
Project("{9A19103F-16F7-4668-BE54-9A1E7A4F7556}") = "SimpleSetup.Web", "Examples\SimpleSetup\SimpleSetup.Web\SimpleSetup.Web.csproj", "{F5626731-2298-45B0-9A8A-70C3E7FB7081}"
EndProject
Project("{2150E333-8FDC-42A3-9474-1A3956D46DE8}") = "pipline", "pipline", "{1A85A4FA-6B95-41FF-83E1-1FB6D7F24FF6}"
EndProject
Project("{9A19103F-16F7-4668-BE54-9A1E7A4F7556}") = "PiplineSetup.Core", "Examples\PiplineSetup\PiplineSetup.Core\PiplineSetup.Core.csproj", "{CB6F3539-F38D-442D-8559-0B0EA8A5FEB4}"
EndProject
Project("{9A19103F-16F7-4668-BE54-9A1E7A4F7556}") = "PiplineSetup.CoreUnitTests", "Examples\PiplineSetup\PiplineSetup.CoreUnitTests\PiplineSetup.CoreUnitTests.csproj", "{D070947C-3CC5-4457-B39A-A9B54A4A2FB5}"
EndProject
Project("{9A19103F-16F7-4668-BE54-9A1E7A4F7556}") = "PiplineSetup.Web", "Examples\PiplineSetup\PiplineSetup.Web\PiplineSetup.Web.csproj", "{F3B9D536-A56C-4DF6-9510-D8F227262C2A}"
EndProject
Project("{2150E333-8FDC-42A3-9474-1A3956D46DE8}") = "composed", "composed", "{C7F8DB34-A362-4B76-88D7-F526C2BB1402}"
EndProject
Project("{9A19103F-16F7-4668-BE54-9A1E7A4F7556}") = "ComposedSetup.Core", "Examples\ComposedSetup\ComposedSetup.Core\ComposedSetup.Core.csproj", "{DA413B63-86A1-408C-8188-3C3F7C2A8C30}"
EndProject
Project("{9A19103F-16F7-4668-BE54-9A1E7A4F7556}") = "ComposedSetup.CoreUnitTests", "Examples\ComposedSetup\ComposedSetup.CoreUnitTests\ComposedSetup.CoreUnitTests.csproj", "{0514ACE1-65F2-41A4-B8B5-2F14A9F98765}"
EndProject
Project("{9A19103F-16F7-4668-BE54-9A1E7A4F7556}") = "ComposedSetup.Web", "Examples\ComposedSetup\ComposedSetup.Web\ComposedSetup.Web.csproj", "{1888D0AF-6E0E-4C05-AEAE-408709A5C6B4}"
EndProject
Project("{2150E333-8FDC-42A3-9474-1A3956D46DE8}") = "isolated", "isolated", "{361FDC06-BF64-4FD2-A788-3EA5FBE2D594}"
EndProject
Project("{9A19103F-16F7-4668-BE54-9A1E7A4F7556}") = "IsolatedSetup.CoreUnitTests", "Examples\IsolatedSetup\IsolatedSetup.CoreUnitTests\IsolatedSetup.CoreUnitTests.csproj", "{7BE19239-80F9-4C0E-BB30-A0D32ABCBAB3}"
EndProject
Project("{9A19103F-16F7-4668-BE54-9A1E7A4F7556}") = "IsolatedSetup.Core", "Examples\IsolatedSetup\IsolatedSetup.Core\IsolatedSetup.Core.csproj", "{F9099E39-54D7-4729-9462-E739CC8B2593}"
EndProject
Project("{9A19103F-16F7-4668-BE54-9A1E7A4F7556}") = "IsolatedSetup.Web", "Examples\IsolatedSetup\IsolatedSetup.Web\IsolatedSetup.Web.csproj", "{9C61CEE2-719C-4E04-ACA0-2243BD352541}"
EndProject
Project("{2150E333-8FDC-42A3-9474-1A3956D46DE8}") = "barebones", "barebones", "{70F907D1-E9F1-4797-99DC-1F3517F07A2D}"
EndProject
Project("{FAE04EC0-301F-11D3-BF4B-00C04F79EFBC}") = "Barebones.Console", "Examples\BarebonesSetup\Barebones.Console\Barebones.Console.csproj", "{66692D59-27F8-4BCB-B74E-1DF900E9CAC4}"
EndProject
Global
	GlobalSection(SolutionConfigurationPlatforms) = preSolution
		Debug|Any CPU = Debug|Any CPU
		Release|Any CPU = Release|Any CPU
	EndGlobalSection
	GlobalSection(ProjectConfigurationPlatforms) = postSolution
		{653824DF-D08B-442D-8432-49086D568FE4}.Debug|Any CPU.ActiveCfg = Debug|Any CPU
		{653824DF-D08B-442D-8432-49086D568FE4}.Debug|Any CPU.Build.0 = Debug|Any CPU
		{653824DF-D08B-442D-8432-49086D568FE4}.Release|Any CPU.ActiveCfg = Release|Any CPU
		{653824DF-D08B-442D-8432-49086D568FE4}.Release|Any CPU.Build.0 = Release|Any CPU
		{7E257726-BD58-4696-B5C4-86B07F38B464}.Debug|Any CPU.ActiveCfg = Debug|Any CPU
		{7E257726-BD58-4696-B5C4-86B07F38B464}.Debug|Any CPU.Build.0 = Debug|Any CPU
		{7E257726-BD58-4696-B5C4-86B07F38B464}.Release|Any CPU.ActiveCfg = Release|Any CPU
		{7E257726-BD58-4696-B5C4-86B07F38B464}.Release|Any CPU.Build.0 = Release|Any CPU
		{B73AF989-9993-435B-BCF7-C7B3766DFAA6}.Debug|Any CPU.ActiveCfg = Debug|Any CPU
		{B73AF989-9993-435B-BCF7-C7B3766DFAA6}.Debug|Any CPU.Build.0 = Debug|Any CPU
		{B73AF989-9993-435B-BCF7-C7B3766DFAA6}.Release|Any CPU.ActiveCfg = Release|Any CPU
		{B73AF989-9993-435B-BCF7-C7B3766DFAA6}.Release|Any CPU.Build.0 = Release|Any CPU
		{7A336981-654F-4C61-9EDE-17F4C4B12A3A}.Debug|Any CPU.ActiveCfg = Debug|Any CPU
		{7A336981-654F-4C61-9EDE-17F4C4B12A3A}.Debug|Any CPU.Build.0 = Debug|Any CPU
		{7A336981-654F-4C61-9EDE-17F4C4B12A3A}.Release|Any CPU.ActiveCfg = Release|Any CPU
		{7A336981-654F-4C61-9EDE-17F4C4B12A3A}.Release|Any CPU.Build.0 = Release|Any CPU
		{762D5BA6-9EA4-48FF-AEA1-6C9F264D3DB3}.Debug|Any CPU.ActiveCfg = Debug|Any CPU
		{762D5BA6-9EA4-48FF-AEA1-6C9F264D3DB3}.Debug|Any CPU.Build.0 = Debug|Any CPU
		{762D5BA6-9EA4-48FF-AEA1-6C9F264D3DB3}.Release|Any CPU.ActiveCfg = Release|Any CPU
		{762D5BA6-9EA4-48FF-AEA1-6C9F264D3DB3}.Release|Any CPU.Build.0 = Release|Any CPU
		{F5626731-2298-45B0-9A8A-70C3E7FB7081}.Debug|Any CPU.ActiveCfg = Debug|Any CPU
		{F5626731-2298-45B0-9A8A-70C3E7FB7081}.Debug|Any CPU.Build.0 = Debug|Any CPU
		{F5626731-2298-45B0-9A8A-70C3E7FB7081}.Release|Any CPU.ActiveCfg = Release|Any CPU
		{F5626731-2298-45B0-9A8A-70C3E7FB7081}.Release|Any CPU.Build.0 = Release|Any CPU
		{CB6F3539-F38D-442D-8559-0B0EA8A5FEB4}.Debug|Any CPU.ActiveCfg = Debug|Any CPU
		{CB6F3539-F38D-442D-8559-0B0EA8A5FEB4}.Debug|Any CPU.Build.0 = Debug|Any CPU
		{CB6F3539-F38D-442D-8559-0B0EA8A5FEB4}.Release|Any CPU.ActiveCfg = Release|Any CPU
		{CB6F3539-F38D-442D-8559-0B0EA8A5FEB4}.Release|Any CPU.Build.0 = Release|Any CPU
		{D070947C-3CC5-4457-B39A-A9B54A4A2FB5}.Debug|Any CPU.ActiveCfg = Debug|Any CPU
		{D070947C-3CC5-4457-B39A-A9B54A4A2FB5}.Debug|Any CPU.Build.0 = Debug|Any CPU
		{D070947C-3CC5-4457-B39A-A9B54A4A2FB5}.Release|Any CPU.ActiveCfg = Release|Any CPU
		{D070947C-3CC5-4457-B39A-A9B54A4A2FB5}.Release|Any CPU.Build.0 = Release|Any CPU
		{F3B9D536-A56C-4DF6-9510-D8F227262C2A}.Debug|Any CPU.ActiveCfg = Debug|Any CPU
		{F3B9D536-A56C-4DF6-9510-D8F227262C2A}.Debug|Any CPU.Build.0 = Debug|Any CPU
		{F3B9D536-A56C-4DF6-9510-D8F227262C2A}.Release|Any CPU.ActiveCfg = Release|Any CPU
		{F3B9D536-A56C-4DF6-9510-D8F227262C2A}.Release|Any CPU.Build.0 = Release|Any CPU
		{DA413B63-86A1-408C-8188-3C3F7C2A8C30}.Debug|Any CPU.ActiveCfg = Debug|Any CPU
		{DA413B63-86A1-408C-8188-3C3F7C2A8C30}.Debug|Any CPU.Build.0 = Debug|Any CPU
		{DA413B63-86A1-408C-8188-3C3F7C2A8C30}.Release|Any CPU.ActiveCfg = Release|Any CPU
		{DA413B63-86A1-408C-8188-3C3F7C2A8C30}.Release|Any CPU.Build.0 = Release|Any CPU
		{0514ACE1-65F2-41A4-B8B5-2F14A9F98765}.Debug|Any CPU.ActiveCfg = Debug|Any CPU
		{0514ACE1-65F2-41A4-B8B5-2F14A9F98765}.Debug|Any CPU.Build.0 = Debug|Any CPU
		{0514ACE1-65F2-41A4-B8B5-2F14A9F98765}.Release|Any CPU.ActiveCfg = Release|Any CPU
		{0514ACE1-65F2-41A4-B8B5-2F14A9F98765}.Release|Any CPU.Build.0 = Release|Any CPU
		{1888D0AF-6E0E-4C05-AEAE-408709A5C6B4}.Debug|Any CPU.ActiveCfg = Debug|Any CPU
		{1888D0AF-6E0E-4C05-AEAE-408709A5C6B4}.Debug|Any CPU.Build.0 = Debug|Any CPU
		{1888D0AF-6E0E-4C05-AEAE-408709A5C6B4}.Release|Any CPU.ActiveCfg = Release|Any CPU
		{1888D0AF-6E0E-4C05-AEAE-408709A5C6B4}.Release|Any CPU.Build.0 = Release|Any CPU
		{7BE19239-80F9-4C0E-BB30-A0D32ABCBAB3}.Debug|Any CPU.ActiveCfg = Debug|Any CPU
		{7BE19239-80F9-4C0E-BB30-A0D32ABCBAB3}.Debug|Any CPU.Build.0 = Debug|Any CPU
		{7BE19239-80F9-4C0E-BB30-A0D32ABCBAB3}.Release|Any CPU.ActiveCfg = Release|Any CPU
		{7BE19239-80F9-4C0E-BB30-A0D32ABCBAB3}.Release|Any CPU.Build.0 = Release|Any CPU
		{F9099E39-54D7-4729-9462-E739CC8B2593}.Debug|Any CPU.ActiveCfg = Debug|Any CPU
		{F9099E39-54D7-4729-9462-E739CC8B2593}.Debug|Any CPU.Build.0 = Debug|Any CPU
		{F9099E39-54D7-4729-9462-E739CC8B2593}.Release|Any CPU.ActiveCfg = Release|Any CPU
		{F9099E39-54D7-4729-9462-E739CC8B2593}.Release|Any CPU.Build.0 = Release|Any CPU
		{9C61CEE2-719C-4E04-ACA0-2243BD352541}.Debug|Any CPU.ActiveCfg = Debug|Any CPU
		{9C61CEE2-719C-4E04-ACA0-2243BD352541}.Debug|Any CPU.Build.0 = Debug|Any CPU
		{9C61CEE2-719C-4E04-ACA0-2243BD352541}.Release|Any CPU.ActiveCfg = Release|Any CPU
		{9C61CEE2-719C-4E04-ACA0-2243BD352541}.Release|Any CPU.Build.0 = Release|Any CPU
		{66692D59-27F8-4BCB-B74E-1DF900E9CAC4}.Debug|Any CPU.ActiveCfg = Debug|Any CPU
		{66692D59-27F8-4BCB-B74E-1DF900E9CAC4}.Debug|Any CPU.Build.0 = Debug|Any CPU
		{66692D59-27F8-4BCB-B74E-1DF900E9CAC4}.Release|Any CPU.ActiveCfg = Release|Any CPU
		{66692D59-27F8-4BCB-B74E-1DF900E9CAC4}.Release|Any CPU.Build.0 = Release|Any CPU
	EndGlobalSection
	GlobalSection(SolutionProperties) = preSolution
		HideSolutionNode = FALSE
	EndGlobalSection
	GlobalSection(NestedProjects) = preSolution
		{010B1447-D614-41C6-A3C5-228FD00527D8} = {16FE32D1-19AF-4B7E-B9C1-9B7A56ADEC55}
		{7E257726-BD58-4696-B5C4-86B07F38B464} = {010B1447-D614-41C6-A3C5-228FD00527D8}
		{B73AF989-9993-435B-BCF7-C7B3766DFAA6} = {010B1447-D614-41C6-A3C5-228FD00527D8}
		{70BD0145-30EC-4F3C-912D-1D902228A60D} = {16FE32D1-19AF-4B7E-B9C1-9B7A56ADEC55}
		{7A336981-654F-4C61-9EDE-17F4C4B12A3A} = {70BD0145-30EC-4F3C-912D-1D902228A60D}
		{762D5BA6-9EA4-48FF-AEA1-6C9F264D3DB3} = {70BD0145-30EC-4F3C-912D-1D902228A60D}
		{F5626731-2298-45B0-9A8A-70C3E7FB7081} = {70BD0145-30EC-4F3C-912D-1D902228A60D}
		{1A85A4FA-6B95-41FF-83E1-1FB6D7F24FF6} = {16FE32D1-19AF-4B7E-B9C1-9B7A56ADEC55}
		{CB6F3539-F38D-442D-8559-0B0EA8A5FEB4} = {1A85A4FA-6B95-41FF-83E1-1FB6D7F24FF6}
		{D070947C-3CC5-4457-B39A-A9B54A4A2FB5} = {1A85A4FA-6B95-41FF-83E1-1FB6D7F24FF6}
		{F3B9D536-A56C-4DF6-9510-D8F227262C2A} = {1A85A4FA-6B95-41FF-83E1-1FB6D7F24FF6}
		{C7F8DB34-A362-4B76-88D7-F526C2BB1402} = {16FE32D1-19AF-4B7E-B9C1-9B7A56ADEC55}
		{DA413B63-86A1-408C-8188-3C3F7C2A8C30} = {C7F8DB34-A362-4B76-88D7-F526C2BB1402}
		{0514ACE1-65F2-41A4-B8B5-2F14A9F98765} = {C7F8DB34-A362-4B76-88D7-F526C2BB1402}
		{1888D0AF-6E0E-4C05-AEAE-408709A5C6B4} = {C7F8DB34-A362-4B76-88D7-F526C2BB1402}
		{361FDC06-BF64-4FD2-A788-3EA5FBE2D594} = {16FE32D1-19AF-4B7E-B9C1-9B7A56ADEC55}
		{7BE19239-80F9-4C0E-BB30-A0D32ABCBAB3} = {361FDC06-BF64-4FD2-A788-3EA5FBE2D594}
		{F9099E39-54D7-4729-9462-E739CC8B2593} = {361FDC06-BF64-4FD2-A788-3EA5FBE2D594}
		{9C61CEE2-719C-4E04-ACA0-2243BD352541} = {361FDC06-BF64-4FD2-A788-3EA5FBE2D594}
		{70F907D1-E9F1-4797-99DC-1F3517F07A2D} = {16FE32D1-19AF-4B7E-B9C1-9B7A56ADEC55}
		{66692D59-27F8-4BCB-B74E-1DF900E9CAC4} = {70F907D1-E9F1-4797-99DC-1F3517F07A2D}
	EndGlobalSection
	GlobalSection(ExtensibilityGlobals) = postSolution
		SolutionGuid = {68245366-420C-4162-B29C-2E1D6A4A3312}
	EndGlobalSection
EndGlobal
